// !$*UTF8*$!
{
	archiveVersion = 1;
	classes = {
	};
	objectVersion = 46;
	objects = {

/* Begin PBXBuildFile section */
		15739C121DDDEF86005AB983 /* AppDelegate.swift in Sources */ = {isa = PBXBuildFile; fileRef = 15739C111DDDEF86005AB983 /* AppDelegate.swift */; };
		15739C151DDDEF86005AB983 /* Blog_Reader.xcdatamodeld in Sources */ = {isa = PBXBuildFile; fileRef = 15739C131DDDEF86005AB983 /* Blog_Reader.xcdatamodeld */; };
		15739C171DDDEF86005AB983 /* MasterViewController.swift in Sources */ = {isa = PBXBuildFile; fileRef = 15739C161DDDEF86005AB983 /* MasterViewController.swift */; };
		15739C191DDDEF86005AB983 /* DetailViewController.swift in Sources */ = {isa = PBXBuildFile; fileRef = 15739C181DDDEF86005AB983 /* DetailViewController.swift */; };
		15739C1C1DDDEF86005AB983 /* Main.storyboard in Resources */ = {isa = PBXBuildFile; fileRef = 15739C1A1DDDEF86005AB983 /* Main.storyboard */; };
		15739C1E1DDDEF86005AB983 /* Assets.xcassets in Resources */ = {isa = PBXBuildFile; fileRef = 15739C1D1DDDEF86005AB983 /* Assets.xcassets */; };
		15739C211DDDEF86005AB983 /* LaunchScreen.storyboard in Resources */ = {isa = PBXBuildFile; fileRef = 15739C1F1DDDEF86005AB983 /* LaunchScreen.storyboard */; };
		453A84B8D4505815FE125544 /* Pods_Blog_Reader.framework in Frameworks */ = {isa = PBXBuildFile; fileRef = 198EF8D49D67A4F1B9D540AB /* Pods_Blog_Reader.framework */; };
/* End PBXBuildFile section */

/* Begin PBXFileReference section */
		15739C0E1DDDEF86005AB983 /* Blog Reader.app */ = {isa = PBXFileReference; explicitFileType = wrapper.application; includeInIndex = 0; path = "Blog Reader.app"; sourceTree = BUILT_PRODUCTS_DIR; };
		15739C111DDDEF86005AB983 /* AppDelegate.swift */ = {isa = PBXFileReference; lastKnownFileType = sourcecode.swift; path = AppDelegate.swift; sourceTree = "<group>"; };
		15739C141DDDEF86005AB983 /* Blog_Reader.xcdatamodel */ = {isa = PBXFileReference; lastKnownFileType = wrapper.xcdatamodel; path = Blog_Reader.xcdatamodel; sourceTree = "<group>"; };
		15739C161DDDEF86005AB983 /* MasterViewController.swift */ = {isa = PBXFileReference; lastKnownFileType = sourcecode.swift; path = MasterViewController.swift; sourceTree = "<group>"; };
		15739C181DDDEF86005AB983 /* DetailViewController.swift */ = {isa = PBXFileReference; lastKnownFileType = sourcecode.swift; path = DetailViewController.swift; sourceTree = "<group>"; };
		15739C1B1DDDEF86005AB983 /* Base */ = {isa = PBXFileReference; lastKnownFileType = file.storyboard; name = Base; path = Base.lproj/Main.storyboard; sourceTree = "<group>"; };
		15739C1D1DDDEF86005AB983 /* Assets.xcassets */ = {isa = PBXFileReference; lastKnownFileType = folder.assetcatalog; path = Assets.xcassets; sourceTree = "<group>"; };
		15739C201DDDEF86005AB983 /* Base */ = {isa = PBXFileReference; lastKnownFileType = file.storyboard; name = Base; path = Base.lproj/LaunchScreen.storyboard; sourceTree = "<group>"; };
		15739C221DDDEF86005AB983 /* Info.plist */ = {isa = PBXFileReference; lastKnownFileType = text.plist.xml; path = Info.plist; sourceTree = "<group>"; };
		198EF8D49D67A4F1B9D540AB /* Pods_Blog_Reader.framework */ = {isa = PBXFileReference; explicitFileType = wrapper.framework; includeInIndex = 0; path = Pods_Blog_Reader.framework; sourceTree = BUILT_PRODUCTS_DIR; };
		353BA5D50A8D31E456F659B3 /* Pods-Blog Reader.debug.xcconfig */ = {isa = PBXFileReference; includeInIndex = 1; lastKnownFileType = text.xcconfig; name = "Pods-Blog Reader.debug.xcconfig"; path = "Pods/Target Support Files/Pods-Blog Reader/Pods-Blog Reader.debug.xcconfig"; sourceTree = "<group>"; };
		F4B791E1D67EBEE3425EF5A4 /* Pods-Blog Reader.release.xcconfig */ = {isa = PBXFileReference; includeInIndex = 1; lastKnownFileType = text.xcconfig; name = "Pods-Blog Reader.release.xcconfig"; path = "Pods/Target Support Files/Pods-Blog Reader/Pods-Blog Reader.release.xcconfig"; sourceTree = "<group>"; };
/* End PBXFileReference section */

/* Begin PBXFrameworksBuildPhase section */
		15739C0B1DDDEF86005AB983 /* Frameworks */ = {
			isa = PBXFrameworksBuildPhase;
			buildActionMask = 2147483647;
			files = (
				453A84B8D4505815FE125544 /* Pods_Blog_Reader.framework in Frameworks */,
			);
			runOnlyForDeploymentPostprocessing = 0;
		};
/* End PBXFrameworksBuildPhase section */

/* Begin PBXGroup section */
		15739C051DDDEF86005AB983 = {
			isa = PBXGroup;
			children = (
				15739C101DDDEF86005AB983 /* Blog Reader */,
				15739C0F1DDDEF86005AB983 /* Products */,
				BA84450D107CAA9CBCFEBF79 /* Pods */,
				A953AB66941E3814D47674F7 /* Frameworks */,
			);
			sourceTree = "<group>";
		};
		15739C0F1DDDEF86005AB983 /* Products */ = {
			isa = PBXGroup;
			children = (
				15739C0E1DDDEF86005AB983 /* Blog Reader.app */,
			);
			name = Products;
			sourceTree = "<group>";
		};
		15739C101DDDEF86005AB983 /* Blog Reader */ = {
			isa = PBXGroup;
			children = (
				15739C111DDDEF86005AB983 /* AppDelegate.swift */,
				15739C161DDDEF86005AB983 /* MasterViewController.swift */,
				15739C181DDDEF86005AB983 /* DetailViewController.swift */,
				15739C1A1DDDEF86005AB983 /* Main.storyboard */,
				15739C1D1DDDEF86005AB983 /* Assets.xcassets */,
				15739C1F1DDDEF86005AB983 /* LaunchScreen.storyboard */,
				15739C221DDDEF86005AB983 /* Info.plist */,
				15739C131DDDEF86005AB983 /* Blog_Reader.xcdatamodeld */,
			);
			path = "Blog Reader";
			sourceTree = "<group>";
		};
		A953AB66941E3814D47674F7 /* Frameworks */ = {
			isa = PBXGroup;
			children = (
				198EF8D49D67A4F1B9D540AB /* Pods_Blog_Reader.framework */,
			);
			name = Frameworks;
			sourceTree = "<group>";
		};
		BA84450D107CAA9CBCFEBF79 /* Pods */ = {
			isa = PBXGroup;
			children = (
				353BA5D50A8D31E456F659B3 /* Pods-Blog Reader.debug.xcconfig */,
				F4B791E1D67EBEE3425EF5A4 /* Pods-Blog Reader.release.xcconfig */,
			);
			name = Pods;
			sourceTree = "<group>";
		};
/* End PBXGroup section */

/* Begin PBXNativeTarget section */
		15739C0D1DDDEF86005AB983 /* Blog Reader */ = {
			isa = PBXNativeTarget;
			buildConfigurationList = 15739C251DDDEF86005AB983 /* Build configuration list for PBXNativeTarget "Blog Reader" */;
			buildPhases = (
				A74E8FAC697E7ABC1E8FBAE8 /* [CP] Check Pods Manifest.lock */,
				15739C0A1DDDEF86005AB983 /* Sources */,
				15739C0B1DDDEF86005AB983 /* Frameworks */,
				15739C0C1DDDEF86005AB983 /* Resources */,
				A25C48A9F1A42CF2A250BEF2 /* [CP] Embed Pods Frameworks */,
				71658CF7541BD2A72E148A50 /* [CP] Copy Pods Resources */,
			);
			buildRules = (
			);
			dependencies = (
			);
			name = "Blog Reader";
			productName = "Blog Reader";
			productReference = 15739C0E1DDDEF86005AB983 /* Blog Reader.app */;
			productType = "com.apple.product-type.application";
		};
/* End PBXNativeTarget section */

/* Begin PBXProject section */
		15739C061DDDEF86005AB983 /* Project object */ = {
			isa = PBXProject;
			attributes = {
				LastSwiftUpdateCheck = 0810;
				LastUpgradeCheck = 0810;
				ORGANIZATIONNAME = "Akash Singhal";
				TargetAttributes = {
					15739C0D1DDDEF86005AB983 = {
						CreatedOnToolsVersion = 8.1;
						DevelopmentTeam = FQ34W7BKSR;
						ProvisioningStyle = Automatic;
					};
				};
			};
			buildConfigurationList = 15739C091DDDEF86005AB983 /* Build configuration list for PBXProject "Blog Reader" */;
			compatibilityVersion = "Xcode 3.2";
			developmentRegion = English;
			hasScannedForEncodings = 0;
			knownRegions = (
				en,
				Base,
			);
			mainGroup = 15739C051DDDEF86005AB983;
			productRefGroup = 15739C0F1DDDEF86005AB983 /* Products */;
			projectDirPath = "";
			projectRoot = "";
			targets = (
				15739C0D1DDDEF86005AB983 /* Blog Reader */,
			);
		};
/* End PBXProject section */

/* Begin PBXResourcesBuildPhase section */
		15739C0C1DDDEF86005AB983 /* Resources */ = {
			isa = PBXResourcesBuildPhase;
			buildActionMask = 2147483647;
			files = (
				15739C211DDDEF86005AB983 /* LaunchScreen.storyboard in Resources */,
				15739C1E1DDDEF86005AB983 /* Assets.xcassets in Resources */,
				15739C1C1DDDEF86005AB983 /* Main.storyboard in Resources */,
			);
			runOnlyForDeploymentPostprocessing = 0;
		};
/* End PBXResourcesBuildPhase section */

/* Begin PBXShellScriptBuildPhase section */
		71658CF7541BD2A72E148A50 /* [CP] Copy Pods Resources */ = {
			isa = PBXShellScriptBuildPhase;
			buildActionMask = 2147483647;
			files = (
			);
			inputPaths = (
			);
			name = "[CP] Copy Pods Resources";
			outputPaths = (
			);
			runOnlyForDeploymentPostprocessing = 0;
			shellPath = /bin/sh;
			shellScript = "\"${SRCROOT}/Pods/Target Support Files/Pods-Blog Reader/Pods-Blog Reader-resources.sh\"\n";
			showEnvVarsInLog = 0;
		};
		A25C48A9F1A42CF2A250BEF2 /* [CP] Embed Pods Frameworks */ = {
			isa = PBXShellScriptBuildPhase;
			buildActionMask = 2147483647;
			files = (
			);
			inputPaths = (
			);
			name = "[CP] Embed Pods Frameworks";
			outputPaths = (
			);
			runOnlyForDeploymentPostprocessing = 0;
			shellPath = /bin/sh;
			shellScript = "\"${SRCROOT}/Pods/Target Support Files/Pods-Blog Reader/Pods-Blog Reader-frameworks.sh\"\n";
			showEnvVarsInLog = 0;
		};
		A74E8FAC697E7ABC1E8FBAE8 /* [CP] Check Pods Manifest.lock */ = {
			isa = PBXShellScriptBuildPhase;
			buildActionMask = 2147483647;
			files = (
			);
			inputPaths = (
			);
			name = "[CP] Check Pods Manifest.lock";
			outputPaths = (
			);
			runOnlyForDeploymentPostprocessing = 0;
			shellPath = /bin/sh;
			shellScript = "diff \"${PODS_ROOT}/../Podfile.lock\" \"${PODS_ROOT}/Manifest.lock\" > /dev/null\nif [ $? != 0 ] ; then\n    # print error to STDERR\n    echo \"error: The sandbox is not in sync with the Podfile.lock. Run 'pod install' or update your CocoaPods installation.\" >&2\n    exit 1\nfi\n";
			showEnvVarsInLog = 0;
		};
/* End PBXShellScriptBuildPhase section */

/* Begin PBXSourcesBuildPhase section */
		15739C0A1DDDEF86005AB983 /* Sources */ = {
			isa = PBXSourcesBuildPhase;
			buildActionMask = 2147483647;
			files = (
				15739C151DDDEF86005AB983 /* Blog_Reader.xcdatamodeld in Sources */,
				15739C121DDDEF86005AB983 /* AppDelegate.swift in Sources */,
				15739C171DDDEF86005AB983 /* MasterViewController.swift in Sources */,
				15739C191DDDEF86005AB983 /* DetailViewController.swift in Sources */,
			);
			runOnlyForDeploymentPostprocessing = 0;
		};
/* End PBXSourcesBuildPhase section */

/* Begin PBXVariantGroup section */
		15739C1A1DDDEF86005AB983 /* Main.storyboard */ = {
			isa = PBXVariantGroup;
			children = (
				15739C1B1DDDEF86005AB983 /* Base */,
			);
			name = Main.storyboard;
			sourceTree = "<group>";
		};
		15739C1F1DDDEF86005AB983 /* LaunchScreen.storyboard */ = {
			isa = PBXVariantGroup;
			children = (
				15739C201DDDEF86005AB983 /* Base */,
			);
			name = LaunchScreen.storyboard;
			sourceTree = "<group>";
		};
/* End PBXVariantGroup section */

/* Begin XCBuildConfiguration section */
		15739C231DDDEF86005AB983 /* Debug */ = {
			isa = XCBuildConfiguration;
			buildSettings = {
				ALWAYS_SEARCH_USER_PATHS = NO;
				CLANG_ANALYZER_NONNULL = YES;
				CLANG_CXX_LANGUAGE_STANDARD = "gnu++0x";
				CLANG_CXX_LIBRARY = "libc++";
				CLANG_ENABLE_MODULES = YES;
				CLANG_ENABLE_OBJC_ARC = YES;
				CLANG_WARN_BOOL_CONVERSION = YES;
				CLANG_WARN_CONSTANT_CONVERSION = YES;
				CLANG_WARN_DIRECT_OBJC_ISA_USAGE = YES_ERROR;
				CLANG_WARN_DOCUMENTATION_COMMENTS = YES;
				CLANG_WARN_EMPTY_BODY = YES;
				CLANG_WARN_ENUM_CONVERSION = YES;
				CLANG_WARN_INFINITE_RECURSION = YES;
				CLANG_WARN_INT_CONVERSION = YES;
				CLANG_WARN_OBJC_ROOT_CLASS = YES_ERROR;
				CLANG_WARN_SUSPICIOUS_MOVE = YES;
				CLANG_WARN_SUSPICIOUS_MOVES = YES;
				CLANG_WARN_UNREACHABLE_CODE = YES;
				CLANG_WARN__DUPLICATE_METHOD_MATCH = YES;
				"CODE_SIGN_IDENTITY[sdk=iphoneos*]" = "iPhone Developer";
				COPY_PHASE_STRIP = NO;
				DEBUG_INFORMATION_FORMAT = dwarf;
				ENABLE_STRICT_OBJC_MSGSEND = YES;
				ENABLE_TESTABILITY = YES;
				GCC_C_LANGUAGE_STANDARD = gnu99;
				GCC_DYNAMIC_NO_PIC = NO;
				GCC_NO_COMMON_BLOCKS = YES;
				GCC_OPTIMIZATION_LEVEL = 0;
				GCC_PREPROCESSOR_DEFINITIONS = (
					"DEBUG=1",
					"$(inherited)",
				);
				GCC_WARN_64_TO_32_BIT_CONVERSION = YES;
				GCC_WARN_ABOUT_RETURN_TYPE = YES_ERROR;
				GCC_WARN_UNDECLARED_SELECTOR = YES;
				GCC_WARN_UNINITIALIZED_AUTOS = YES_AGGRESSIVE;
				GCC_WARN_UNUSED_FUNCTION = YES;
				GCC_WARN_UNUSED_VARIABLE = YES;
				IPHONEOS_DEPLOYMENT_TARGET = 10.1;
				MTL_ENABLE_DEBUG_INFO = YES;
				ONLY_ACTIVE_ARCH = YES;
				SDKROOT = iphoneos;
				SWIFT_ACTIVE_COMPILATION_CONDITIONS = DEBUG;
				SWIFT_OPTIMIZATION_LEVEL = "-Onone";
			};
			name = Debug;
		};
		15739C241DDDEF86005AB983 /* Release */ = {
			isa = XCBuildConfiguration;
			buildSettings = {
				ALWAYS_SEARCH_USER_PATHS = NO;
				CLANG_ANALYZER_NONNULL = YES;
				CLANG_CXX_LANGUAGE_STANDARD = "gnu++0x";
				CLANG_CXX_LIBRARY = "libc++";
				CLANG_ENABLE_MODULES = YES;
				CLANG_ENABLE_OBJC_ARC = YES;
				CLANG_WARN_BOOL_CONVERSION = YES;
				CLANG_WARN_CONSTANT_CONVERSION = YES;
				CLANG_WARN_DIRECT_OBJC_ISA_USAGE = YES_ERROR;
				CLANG_WARN_DOCUMENTATION_COMMENTS = YES;
				CLANG_WARN_EMPTY_BODY = YES;
				CLANG_WARN_ENUM_CONVERSION = YES;
				CLANG_WARN_INFINITE_RECURSION = YES;
				CLANG_WARN_INT_CONVERSION = YES;
				CLANG_WARN_OBJC_ROOT_CLASS = YES_ERROR;
				CLANG_WARN_SUSPICIOUS_MOVE = YES;
				CLANG_WARN_SUSPICIOUS_MOVES = YES;
				CLANG_WARN_UNREACHABLE_CODE = YES;
				CLANG_WARN__DUPLICATE_METHOD_MATCH = YES;
				"CODE_SIGN_IDENTITY[sdk=iphoneos*]" = "iPhone Developer";
				COPY_PHASE_STRIP = NO;
				DEBUG_INFORMATION_FORMAT = "dwarf-with-dsym";
				ENABLE_NS_ASSERTIONS = NO;
				ENABLE_STRICT_OBJC_MSGSEND = YES;
				GCC_C_LANGUAGE_STANDARD = gnu99;
				GCC_NO_COMMON_BLOCKS = YES;
				GCC_WARN_64_TO_32_BIT_CONVERSION = YES;
				GCC_WARN_ABOUT_RETURN_TYPE = YES_ERROR;
				GCC_WARN_UNDECLARED_SELECTOR = YES;
				GCC_WARN_UNINITIALIZED_AUTOS = YES_AGGRESSIVE;
				GCC_WARN_UNUSED_FUNCTION = YES;
				GCC_WARN_UNUSED_VARIABLE = YES;
				IPHONEOS_DEPLOYMENT_TARGET = 10.1;
				MTL_ENABLE_DEBUG_INFO = NO;
				SDKROOT = iphoneos;
				SWIFT_OPTIMIZATION_LEVEL = "-Owholemodule";
				VALIDATE_PRODUCT = YES;
			};
			name = Release;
		};
		15739C261DDDEF86005AB983 /* Debug */ = {
			isa = XCBuildConfiguration;
			baseConfigurationReference = 353BA5D50A8D31E456F659B3 /* Pods-Blog Reader.debug.xcconfig */;
			buildSettings = {
				ALWAYS_EMBED_SWIFT_STANDARD_LIBRARIES = YES;
				ASSETCATALOG_COMPILER_APPICON_NAME = AppIcon;
				DEVELOPMENT_TEAM = FQ34W7BKSR;
				INFOPLIST_FILE = "Blog Reader/Info.plist";
				LD_RUNPATH_SEARCH_PATHS = "$(inherited) @executable_path/Frameworks";
				PRODUCT_BUNDLE_IDENTIFIER = "com.akashsinghal.Blog-Reader";
				PRODUCT_NAME = "$(TARGET_NAME)";
				SWIFT_VERSION = 3.0;
			};
			name = Debug;
		};
		15739C271DDDEF86005AB983 /* Release */ = {
			isa = XCBuildConfiguration;
			baseConfigurationReference = F4B791E1D67EBEE3425EF5A4 /* Pods-Blog Reader.release.xcconfig */;
			buildSettings = {
				ALWAYS_EMBED_SWIFT_STANDARD_LIBRARIES = YES;
				ASSETCATALOG_COMPILER_APPICON_NAME = AppIcon;
				DEVELOPMENT_TEAM = FQ34W7BKSR;
				INFOPLIST_FILE = "Blog Reader/Info.plist";
				LD_RUNPATH_SEARCH_PATHS = "$(inherited) @executable_path/Frameworks";
				PRODUCT_BUNDLE_IDENTIFIER = "com.akashsinghal.Blog-Reader";
				PRODUCT_NAME = "$(TARGET_NAME)";
				SWIFT_VERSION = 3.0;
			};
			name = Release;
		};
/* End XCBuildConfiguration section */

/* Begin XCConfigurationList section */
		15739C091DDDEF86005AB983 /* Build configuration list for PBXProject "Blog Reader" */ = {
			isa = XCConfigurationList;
			buildConfigurations = (
				15739C231DDDEF86005AB983 /* Debug */,
				15739C241DDDEF86005AB983 /* Release */,
			);
			defaultConfigurationIsVisible = 0;
			defaultConfigurationName = Release;
		};
		15739C251DDDEF86005AB983 /* Build configuration list for PBXNativeTarget "Blog Reader" */ = {
			isa = XCConfigurationList;
			buildConfigurations = (
				15739C261DDDEF86005AB983 /* Debug */,
				15739C271DDDEF86005AB983 /* Release */,
			);
			defaultConfigurationIsVisible = 0;
			defaultConfigurationName = Release;
		};
/* End XCConfigurationList section */

/* Begin XCVersionGroup section */
		15739C131DDDEF86005AB983 /* Blog_Reader.xcdatamodeld */ = {
			isa = XCVersionGroup;
			children = (
				15739C141DDDEF86005AB983 /* Blog_Reader.xcdatamodel */,
			);
			currentVersion = 15739C141DDDEF86005AB983 /* Blog_Reader.xcdatamodel */;
			path = Blog_Reader.xcdatamodeld;
			sourceTree = "<group>";
			versionGroupType = wrapper.xcdatamodel;
		};
/* End XCVersionGroup section */
	};
	rootObject = 15739C061DDDEF86005AB983 /* Project object */;
}
